// !$*UTF8*$!
{
	archiveVersion = 1;
	classes = {
	};
	objectVersion = 56;
	objects = {

/* Begin PBXBuildFile section */
		066979CDA8A8144E8D216520 /* CameraPreview.swift in Sources */ = {isa = PBXBuildFile; fileRef = 3A612131CC9EF26D820A6E26 /* CameraPreview.swift */; };
		07184A40B8B3E0EAA4A925B8 /* UIImageBox.swift in Sources */ = {isa = PBXBuildFile; fileRef = 3BEE5BA65E9B275159B40609 /* UIImageBox.swift */; };
		08C645F627E863FB1C1B3BD3 /* MediaStore.swift in Sources */ = {isa = PBXBuildFile; fileRef = 31BF48D245598F71809DFCD7 /* MediaStore.swift */; };
		0CDE52785A60942A3B90F18E /* SpringPhysics.swift in Sources */ = {isa = PBXBuildFile; fileRef = 1242BD0CE0451D801E65BBAA /* SpringPhysics.swift */; };
		10675B11EE9ED1E2D6112ED2 /* CaptureMode.swift in Sources */ = {isa = PBXBuildFile; fileRef = 1B5AF745F67A3413E84C393E /* CaptureMode.swift */; };
		15A651A03B2C557E65A890C6 /* HapticManager.swift in Sources */ = {isa = PBXBuildFile; fileRef = 56D15010AF497A796951E1CB /* HapticManager.swift */; };
		1C5B10C962592F9FF9A0C601 /* DebugSettings.swift in Sources */ = {isa = PBXBuildFile; fileRef = 47ACFDCACC48EB606F1C00E4 /* DebugSettings.swift */; };
		227253AC316C4DC380BDD90E /* FPSMonitor.swift in Sources */ = {isa = PBXBuildFile; fileRef = AEB0FCFA403B200F3BB4122C /* FPSMonitor.swift */; };
		27B1C0C95D228E20EC901084 /* Preferences.swift in Sources */ = {isa = PBXBuildFile; fileRef = CB17C81D025F72FBFD20FD0F /* Preferences.swift */; };
		28608C25C577547212345EA5 /* MemoryProbe.swift in Sources */ = {isa = PBXBuildFile; fileRef = 0EFE2753A73E26A796B64531 /* MemoryProbe.swift */; };
		2B3C4F024E16D3AECE3924BB /* LevelMonitor.swift in Sources */ = {isa = PBXBuildFile; fileRef = 0EE02EFE59BD8C7542658039 /* LevelMonitor.swift */; };
		2DDAF6D32EEC95B45CD5E419 /* ImportedMedia.swift in Sources */ = {isa = PBXBuildFile; fileRef = AA200C4EA72481E81D1CAED8 /* ImportedMedia.swift */; };
		3899607791F13516D39C558E /* RulerSlider.swift in Sources */ = {isa = PBXBuildFile; fileRef = EE24DEFFBFD0E0B9C0EED453 /* RulerSlider.swift */; };
		3C1E8B9C5EEC689A74B0438B /* DebugOverlay.swift in Sources */ = {isa = PBXBuildFile; fileRef = 998A0FF803356918ECBC59DB /* DebugOverlay.swift */; };
		3E94BB2AD5CB38E4089B03B1 /* LookRenderer.swift in Sources */ = {isa = PBXBuildFile; fileRef = EA07234442F0D8DC4812FDC9 /* LookRenderer.swift */; };
		4245FE6B42697BF79DD36E74 /* Assets.xcassets in Resources */ = {isa = PBXBuildFile; fileRef = 417BE6A675B2ABCF7F151878 /* Assets.xcassets */; };
		48B8B819881FD25824701A9D /* VideoTransport.swift in Sources */ = {isa = PBXBuildFile; fileRef = 99D168606AECAC7CA9057837 /* VideoTransport.swift */; };
		48C5FAC21C740EDA80942E4C /* Metrics.swift in Sources */ = {isa = PBXBuildFile; fileRef = 74B0DC0B0ABA08A992664CDA /* Metrics.swift */; };
		4B446D9508D7B33BAF785197 /* PhotoLibrarySaver.swift in Sources */ = {isa = PBXBuildFile; fileRef = 010B6998877D7B31A035E5A9 /* PhotoLibrarySaver.swift */; };
		57A413C30A56772F957F0BB5 /* NoticeBanner.swift in Sources */ = {isa = PBXBuildFile; fileRef = D9AD8091305B5242BE505E2E /* NoticeBanner.swift */; };
		57E584873579767D0278D918 /* LevelOverlay.swift in Sources */ = {isa = PBXBuildFile; fileRef = BCE8344D054C6ECDCEA9D5C5 /* LevelOverlay.swift */; };
		5890D29DB745EE8AE8BF3834 /* FramedExporter.swift in Sources */ = {isa = PBXBuildFile; fileRef = 8CE236787C8F73860EE2D75A /* FramedExporter.swift */; };
		59877B4198CEE3B0D5DDD6E3 /* ExposureControl.swift in Sources */ = {isa = PBXBuildFile; fileRef = 6AD4CCB1F2F89633F7255E80 /* ExposureControl.swift */; };
		6540114883A7DF2F22FFB2B8 /* Motion.swift in Sources */ = {isa = PBXBuildFile; fileRef = 39EE06A2C88B693A4D15993F /* Motion.swift */; };
		6D19AEB6035921FDAD24EF58 /* PrivacyInfo.xcprivacy in Resources */ = {isa = PBXBuildFile; fileRef = DDFB2B23480B7626F622BB62 /* PrivacyInfo.xcprivacy */; };
		6D44488F6FF35461E1A3235A /* CountdownOverlay.swift in Sources */ = {isa = PBXBuildFile; fileRef = 7009522CF313FCD3DC8019A6 /* CountdownOverlay.swift */; };
		70D268F6E4E9C2E5FF6739F9 /* SceneLifecycle.swift in Sources */ = {isa = PBXBuildFile; fileRef = D152EA546408FA83128FFC1D /* SceneLifecycle.swift */; };
		740E7DB29F22C915A10E3B23 /* OptionStrip.swift in Sources */ = {isa = PBXBuildFile; fileRef = 737F501FB09299D01CA1799D /* OptionStrip.swift */; };
		8AF39DFC49403EB2051F8578 /* FlashControl.swift in Sources */ = {isa = PBXBuildFile; fileRef = AB9DFAB5786EE50FAF9FEB2C /* FlashControl.swift */; };
		950587E4BAAAFC3BFF2224B4 /* VideoController.swift in Sources */ = {isa = PBXBuildFile; fileRef = 72020616D237CAADD845341A /* VideoController.swift */; };
		9F12A8FF7B841523E22314B2 /* ViewfinderModel.swift in Sources */ = {isa = PBXBuildFile; fileRef = 30E5AF1C533DB04EE0EA4F5A /* ViewfinderModel.swift */; };
		A0DF7CE691FF7512E19BC120 /* FramelineApp.swift in Sources */ = {isa = PBXBuildFile; fileRef = 71CA972151D2E88825A46619 /* FramelineApp.swift */; };
		A64E1E3502A004C8DA40AEB1 /* AppEnvironment.swift in Sources */ = {isa = PBXBuildFile; fileRef = 28A4E1520886493C3FADE47A /* AppEnvironment.swift */; };
		AA0E7E8E0B796E1E0A793A1A /* ReferenceOverlay.swift in Sources */ = {isa = PBXBuildFile; fileRef = 8CEC095B3ECC6D82404A510C /* ReferenceOverlay.swift */; };
		AA4AB33DB9643AF91ECC1134 /* VideoSurface.swift in Sources */ = {isa = PBXBuildFile; fileRef = C966BD8BF35D4331E82743DB /* VideoSurface.swift */; };
		AABC8F1D24FE648EE215809B /* ZoomableImageView.swift in Sources */ = {isa = PBXBuildFile; fileRef = CDCD957BDE8C1C1AAC453E44 /* ZoomableImageView.swift */; };
		AC79A19F2787B1A73A1D2CC7 /* StageView.swift in Sources */ = {isa = PBXBuildFile; fileRef = 467B6FE9BC7469BFCA9F638B /* StageView.swift */; };
		AC88E22DB42F17A0D60BD16B /* PressableStyle.swift in Sources */ = {isa = PBXBuildFile; fileRef = 22FBE05DD3445D627A87F1AD /* PressableStyle.swift */; };
		ADAC7D57F6FAE859F8E71844 /* FocusReticle.swift in Sources */ = {isa = PBXBuildFile; fileRef = 68FA2C3E82EFA428433ACA20 /* FocusReticle.swift */; };
		B825C89AB3D79C4F293C34E2 /* Look.swift in Sources */ = {isa = PBXBuildFile; fileRef = FCE75747FC14FDEA763B2A09 /* Look.swift */; };
		B90D791329DF05F0863606EB /* AccessibilityAnnouncer.swift in Sources */ = {isa = PBXBuildFile; fileRef = C44BDC9B7C54249CEEAEF60D /* AccessibilityAnnouncer.swift */; };
		BA7596A5140943B295F55F51 /* ImagePipeline.swift in Sources */ = {isa = PBXBuildFile; fileRef = CC89C464DA6279AB86BE5434 /* ImagePipeline.swift */; };
		C0E79C8082C7B36FBEAFE212 /* ModeDial.swift in Sources */ = {isa = PBXBuildFile; fileRef = 060A0D614B133E6C67930F6C /* ModeDial.swift */; };
		C2FF92C14D856C00777562B7 /* ViewfinderLayout.swift in Sources */ = {isa = PBXBuildFile; fileRef = 7AEFA92CBA182AC8312018E6 /* ViewfinderLayout.swift */; };
		C85DA3883548734E18CB31D2 /* CameraService.swift in Sources */ = {isa = PBXBuildFile; fileRef = A69F55C73E3BBD0C53C6096C /* CameraService.swift */; };
		CABC7E4C57257AD514ABE542 /* PhotoCropper.swift in Sources */ = {isa = PBXBuildFile; fileRef = 6EF179B46226D546710D8506 /* PhotoCropper.swift */; };
		D0ACD8B183B672D0BDAC07EB /* GridOverlay.swift in Sources */ = {isa = PBXBuildFile; fileRef = BD70C86B2092D048617D5F54 /* GridOverlay.swift */; };
		D10196527375183ED693FF3A /* AspectControl.swift in Sources */ = {isa = PBXBuildFile; fileRef = 1E7F0FDBD849AEF907CF57D1 /* AspectControl.swift */; };
		D438B5B0C149723EE58BCAA8 /* Theme.swift in Sources */ = {isa = PBXBuildFile; fileRef = 198C791891FC652CBC4AD77B /* Theme.swift */; };
		D721BAFE0512FC4B3B9C69B7 /* ShutterButton.swift in Sources */ = {isa = PBXBuildFile; fileRef = 1E25A32D757962D0A09914F9 /* ShutterButton.swift */; };
		D74F6C555F3EEA4387D919B5 /* TopBar.swift in Sources */ = {isa = PBXBuildFile; fileRef = 6308844C7EAABBFB9B200EDB /* TopBar.swift */; };
		DA5F4AEF0BBF8C601C09E940 /* ImportStorage.swift in Sources */ = {isa = PBXBuildFile; fileRef = 5F2B4A2587EA62D79C77EA73 /* ImportStorage.swift */; };
		DB22A5909EFF5061F4B77DED /* ControlsPanel.swift in Sources */ = {isa = PBXBuildFile; fileRef = 2C55319D5AEED4932DB82203 /* ControlsPanel.swift */; };
		DD2358D6F5EED4908BCB29AD /* LookControl.swift in Sources */ = {isa = PBXBuildFile; fileRef = 986EC8270B2D6F80CA12E824 /* LookControl.swift */; };
		E0CBC6110C2383DA8593F638 /* ZoomControl.swift in Sources */ = {isa = PBXBuildFile; fileRef = F89DDD848E1E4AA6021A07CF /* ZoomControl.swift */; };
		EA506EF25CF62EAF2B89F8D9 /* BottomDeck.swift in Sources */ = {isa = PBXBuildFile; fileRef = 6C32CC7CEA365A61352F1D82 /* BottomDeck.swift */; };
		ED42002CDE88B049981D1FF6 /* ViewfinderScreen.swift in Sources */ = {isa = PBXBuildFile; fileRef = F4C670CF60DC3E8391F2AD39 /* ViewfinderScreen.swift */; };
		F4240806BAD59EEED90D7000 /* TimerControl.swift in Sources */ = {isa = PBXBuildFile; fileRef = 03749EA210CB30D6AD3338A0 /* TimerControl.swift */; };
		F63AAFD3EDD4A4BBE8DDC42C /* MediaImporter.swift in Sources */ = {isa = PBXBuildFile; fileRef = 454B88EDC79B3E284F5A2E60 /* MediaImporter.swift */; };
		F81A6DCD22CBA78E5BFAD32C /* OrientationMonitor.swift in Sources */ = {isa = PBXBuildFile; fileRef = 383B5CF5B8A8B9C21043B243 /* OrientationMonitor.swift */; };
/* End PBXBuildFile section */

/* Begin PBXFileReference section */
		F5BF48AA40CAD7891EB709FC /* Frameline.app */ = {isa = PBXFileReference; explicitFileType = wrapper.application; includeInIndex = 0; path = Frameline.app; sourceTree = BUILT_PRODUCTS_DIR; };
		010B6998877D7B31A035E5A9 /* PhotoLibrarySaver.swift */ = {isa = PBXFileReference; lastKnownFileType = sourcecode.swift; path = PhotoLibrarySaver.swift; sourceTree = "<group>"; };
		03749EA210CB30D6AD3338A0 /* TimerControl.swift */ = {isa = PBXFileReference; lastKnownFileType = sourcecode.swift; path = TimerControl.swift; sourceTree = "<group>"; };
		060A0D614B133E6C67930F6C /* ModeDial.swift */ = {isa = PBXFileReference; lastKnownFileType = sourcecode.swift; path = ModeDial.swift; sourceTree = "<group>"; };
		0EE02EFE59BD8C7542658039 /* LevelMonitor.swift */ = {isa = PBXFileReference; lastKnownFileType = sourcecode.swift; path = LevelMonitor.swift; sourceTree = "<group>"; };
		0EFE2753A73E26A796B64531 /* MemoryProbe.swift */ = {isa = PBXFileReference; lastKnownFileType = sourcecode.swift; path = MemoryProbe.swift; sourceTree = "<group>"; };
		1242BD0CE0451D801E65BBAA /* SpringPhysics.swift */ = {isa = PBXFileReference; lastKnownFileType = sourcecode.swift; path = SpringPhysics.swift; sourceTree = "<group>"; };
		198C791891FC652CBC4AD77B /* Theme.swift */ = {isa = PBXFileReference; lastKnownFileType = sourcecode.swift; path = Theme.swift; sourceTree = "<group>"; };
		1B5AF745F67A3413E84C393E /* CaptureMode.swift */ = {isa = PBXFileReference; lastKnownFileType = sourcecode.swift; path = CaptureMode.swift; sourceTree = "<group>"; };
		1E25A32D757962D0A09914F9 /* ShutterButton.swift */ = {isa = PBXFileReference; lastKnownFileType = sourcecode.swift; path = ShutterButton.swift; sourceTree = "<group>"; };
		1E7F0FDBD849AEF907CF57D1 /* AspectControl.swift */ = {isa = PBXFileReference; lastKnownFileType = sourcecode.swift; path = AspectControl.swift; sourceTree = "<group>"; };
		22FBE05DD3445D627A87F1AD /* PressableStyle.swift */ = {isa = PBXFileReference; lastKnownFileType = sourcecode.swift; path = PressableStyle.swift; sourceTree = "<group>"; };
		28A4E1520886493C3FADE47A /* AppEnvironment.swift */ = {isa = PBXFileReference; lastKnownFileType = sourcecode.swift; path = AppEnvironment.swift; sourceTree = "<group>"; };
		2C55319D5AEED4932DB82203 /* ControlsPanel.swift */ = {isa = PBXFileReference; lastKnownFileType = sourcecode.swift; path = ControlsPanel.swift; sourceTree = "<group>"; };
		30E5AF1C533DB04EE0EA4F5A /* ViewfinderModel.swift */ = {isa = PBXFileReference; lastKnownFileType = sourcecode.swift; path = ViewfinderModel.swift; sourceTree = "<group>"; };
		31BF48D245598F71809DFCD7 /* MediaStore.swift */ = {isa = PBXFileReference; lastKnownFileType = sourcecode.swift; path = MediaStore.swift; sourceTree = "<group>"; };
		383B5CF5B8A8B9C21043B243 /* OrientationMonitor.swift */ = {isa = PBXFileReference; lastKnownFileType = sourcecode.swift; path = OrientationMonitor.swift; sourceTree = "<group>"; };
		39EE06A2C88B693A4D15993F /* Motion.swift */ = {isa = PBXFileReference; lastKnownFileType = sourcecode.swift; path = Motion.swift; sourceTree = "<group>"; };
		3A612131CC9EF26D820A6E26 /* CameraPreview.swift */ = {isa = PBXFileReference; lastKnownFileType = sourcecode.swift; path = CameraPreview.swift; sourceTree = "<group>"; };
		3BEE5BA65E9B275159B40609 /* UIImageBox.swift */ = {isa = PBXFileReference; lastKnownFileType = sourcecode.swift; path = UIImageBox.swift; sourceTree = "<group>"; };
		417BE6A675B2ABCF7F151878 /* Assets.xcassets */ = {isa = PBXFileReference; lastKnownFileType = folder.assetcatalog; path = Assets.xcassets; sourceTree = "<group>"; };
		454B88EDC79B3E284F5A2E60 /* MediaImporter.swift */ = {isa = PBXFileReference; lastKnownFileType = sourcecode.swift; path = MediaImporter.swift; sourceTree = "<group>"; };
		467B6FE9BC7469BFCA9F638B /* StageView.swift */ = {isa = PBXFileReference; lastKnownFileType = sourcecode.swift; path = StageView.swift; sourceTree = "<group>"; };
		47ACFDCACC48EB606F1C00E4 /* DebugSettings.swift */ = {isa = PBXFileReference; lastKnownFileType = sourcecode.swift; path = DebugSettings.swift; sourceTree = "<group>"; };
		56D15010AF497A796951E1CB /* HapticManager.swift */ = {isa = PBXFileReference; lastKnownFileType = sourcecode.swift; path = HapticManager.swift; sourceTree = "<group>"; };
		5F2B4A2587EA62D79C77EA73 /* ImportStorage.swift */ = {isa = PBXFileReference; lastKnownFileType = sourcecode.swift; path = ImportStorage.swift; sourceTree = "<group>"; };
		6308844C7EAABBFB9B200EDB /* TopBar.swift */ = {isa = PBXFileReference; lastKnownFileType = sourcecode.swift; path = TopBar.swift; sourceTree = "<group>"; };
		68FA2C3E82EFA428433ACA20 /* FocusReticle.swift */ = {isa = PBXFileReference; lastKnownFileType = sourcecode.swift; path = FocusReticle.swift; sourceTree = "<group>"; };
		6AD4CCB1F2F89633F7255E80 /* ExposureControl.swift */ = {isa = PBXFileReference; lastKnownFileType = sourcecode.swift; path = ExposureControl.swift; sourceTree = "<group>"; };
		6C32CC7CEA365A61352F1D82 /* BottomDeck.swift */ = {isa = PBXFileReference; lastKnownFileType = sourcecode.swift; path = BottomDeck.swift; sourceTree = "<group>"; };
		6EF179B46226D546710D8506 /* PhotoCropper.swift */ = {isa = PBXFileReference; lastKnownFileType = sourcecode.swift; path = PhotoCropper.swift; sourceTree = "<group>"; };
		7009522CF313FCD3DC8019A6 /* CountdownOverlay.swift */ = {isa = PBXFileReference; lastKnownFileType = sourcecode.swift; path = CountdownOverlay.swift; sourceTree = "<group>"; };
		71CA972151D2E88825A46619 /* FramelineApp.swift */ = {isa = PBXFileReference; lastKnownFileType = sourcecode.swift; path = FramelineApp.swift; sourceTree = "<group>"; };
		72020616D237CAADD845341A /* VideoController.swift */ = {isa = PBXFileReference; lastKnownFileType = sourcecode.swift; path = VideoController.swift; sourceTree = "<group>"; };
		737F501FB09299D01CA1799D /* OptionStrip.swift */ = {isa = PBXFileReference; lastKnownFileType = sourcecode.swift; path = OptionStrip.swift; sourceTree = "<group>"; };
		74B0DC0B0ABA08A992664CDA /* Metrics.swift */ = {isa = PBXFileReference; lastKnownFileType = sourcecode.swift; path = Metrics.swift; sourceTree = "<group>"; };
		7AEFA92CBA182AC8312018E6 /* ViewfinderLayout.swift */ = {isa = PBXFileReference; lastKnownFileType = sourcecode.swift; path = ViewfinderLayout.swift; sourceTree = "<group>"; };
		8CE236787C8F73860EE2D75A /* FramedExporter.swift */ = {isa = PBXFileReference; lastKnownFileType = sourcecode.swift; path = FramedExporter.swift; sourceTree = "<group>"; };
		8CEC095B3ECC6D82404A510C /* ReferenceOverlay.swift */ = {isa = PBXFileReference; lastKnownFileType = sourcecode.swift; path = ReferenceOverlay.swift; sourceTree = "<group>"; };
		986EC8270B2D6F80CA12E824 /* LookControl.swift */ = {isa = PBXFileReference; lastKnownFileType = sourcecode.swift; path = LookControl.swift; sourceTree = "<group>"; };
		998A0FF803356918ECBC59DB /* DebugOverlay.swift */ = {isa = PBXFileReference; lastKnownFileType = sourcecode.swift; path = DebugOverlay.swift; sourceTree = "<group>"; };
		99D168606AECAC7CA9057837 /* VideoTransport.swift */ = {isa = PBXFileReference; lastKnownFileType = sourcecode.swift; path = VideoTransport.swift; sourceTree = "<group>"; };
		A69F55C73E3BBD0C53C6096C /* CameraService.swift */ = {isa = PBXFileReference; lastKnownFileType = sourcecode.swift; path = CameraService.swift; sourceTree = "<group>"; };
		AA200C4EA72481E81D1CAED8 /* ImportedMedia.swift */ = {isa = PBXFileReference; lastKnownFileType = sourcecode.swift; path = ImportedMedia.swift; sourceTree = "<group>"; };
		AB9DFAB5786EE50FAF9FEB2C /* FlashControl.swift */ = {isa = PBXFileReference; lastKnownFileType = sourcecode.swift; path = FlashControl.swift; sourceTree = "<group>"; };
		AEB0FCFA403B200F3BB4122C /* FPSMonitor.swift */ = {isa = PBXFileReference; lastKnownFileType = sourcecode.swift; path = FPSMonitor.swift; sourceTree = "<group>"; };
		BCE8344D054C6ECDCEA9D5C5 /* LevelOverlay.swift */ = {isa = PBXFileReference; lastKnownFileType = sourcecode.swift; path = LevelOverlay.swift; sourceTree = "<group>"; };
		BD70C86B2092D048617D5F54 /* GridOverlay.swift */ = {isa = PBXFileReference; lastKnownFileType = sourcecode.swift; path = GridOverlay.swift; sourceTree = "<group>"; };
		C44BDC9B7C54249CEEAEF60D /* AccessibilityAnnouncer.swift */ = {isa = PBXFileReference; lastKnownFileType = sourcecode.swift; path = AccessibilityAnnouncer.swift; sourceTree = "<group>"; };
		C966BD8BF35D4331E82743DB /* VideoSurface.swift */ = {isa = PBXFileReference; lastKnownFileType = sourcecode.swift; path = VideoSurface.swift; sourceTree = "<group>"; };
		CB17C81D025F72FBFD20FD0F /* Preferences.swift */ = {isa = PBXFileReference; lastKnownFileType = sourcecode.swift; path = Preferences.swift; sourceTree = "<group>"; };
		CC89C464DA6279AB86BE5434 /* ImagePipeline.swift */ = {isa = PBXFileReference; lastKnownFileType = sourcecode.swift; path = ImagePipeline.swift; sourceTree = "<group>"; };
		CDCD957BDE8C1C1AAC453E44 /* ZoomableImageView.swift */ = {isa = PBXFileReference; lastKnownFileType = sourcecode.swift; path = ZoomableImageView.swift; sourceTree = "<group>"; };
		D152EA546408FA83128FFC1D /* SceneLifecycle.swift */ = {isa = PBXFileReference; lastKnownFileType = sourcecode.swift; path = SceneLifecycle.swift; sourceTree = "<group>"; };
		D74A2393ABCC8B3060A87E15 /* Frameline.entitlements */ = {isa = PBXFileReference; lastKnownFileType = text.plist.entitlements; path = Frameline.entitlements; sourceTree = "<group>"; };
		D9AD8091305B5242BE505E2E /* NoticeBanner.swift */ = {isa = PBXFileReference; lastKnownFileType = sourcecode.swift; path = NoticeBanner.swift; sourceTree = "<group>"; };
		DDFB2B23480B7626F622BB62 /* PrivacyInfo.xcprivacy */ = {isa = PBXFileReference; lastKnownFileType = text.xml; path = PrivacyInfo.xcprivacy; sourceTree = "<group>"; };
		E3E2446FE3174E769C0799E1 /* Info.plist */ = {isa = PBXFileReference; lastKnownFileType = text.plist.xml; path = Info.plist; sourceTree = "<group>"; };
		EA07234442F0D8DC4812FDC9 /* LookRenderer.swift */ = {isa = PBXFileReference; lastKnownFileType = sourcecode.swift; path = LookRenderer.swift; sourceTree = "<group>"; };
		EE24DEFFBFD0E0B9C0EED453 /* RulerSlider.swift */ = {isa = PBXFileReference; lastKnownFileType = sourcecode.swift; path = RulerSlider.swift; sourceTree = "<group>"; };
		F4C670CF60DC3E8391F2AD39 /* ViewfinderScreen.swift */ = {isa = PBXFileReference; lastKnownFileType = sourcecode.swift; path = ViewfinderScreen.swift; sourceTree = "<group>"; };
		F89DDD848E1E4AA6021A07CF /* ZoomControl.swift */ = {isa = PBXFileReference; lastKnownFileType = sourcecode.swift; path = ZoomControl.swift; sourceTree = "<group>"; };
		FCE75747FC14FDEA763B2A09 /* Look.swift */ = {isa = PBXFileReference; lastKnownFileType = sourcecode.swift; path = Look.swift; sourceTree = "<group>"; };
/* End PBXFileReference section */

/* Begin PBXFrameworksBuildPhase section */
		424153ED3CD079DB4DB459AF /* Frameworks */ = {
			isa = PBXFrameworksBuildPhase;
			buildActionMask = 2147483647;
			files = (
			);
			runOnlyForDeploymentPostprocessing = 0;
		};
/* End PBXFrameworksBuildPhase section */

/* Begin PBXGroup section */
		518DA81DB9B99529C0C0AEBE = {
			isa = PBXGroup;
			children = (
				E9A10CC62AD9E49CE2988892 /* Frameline */,
				BD13AA3ACFF3D0C2ED6E4720 /* Config */,
				2F3A6B1E78F896718625FF06 /* Products */,
			);
			sourceTree = "<group>";
		};
		2F3A6B1E78F896718625FF06 /* Products */ = {
			isa = PBXGroup;
			children = (
				F5BF48AA40CAD7891EB709FC /* Frameline.app */,
			);
			name = Products;
			sourceTree = "<group>";
		};
		E9A10CC62AD9E49CE2988892 /* Frameline */ = {
			isa = PBXGroup;
			children = (
				3C3D907ACE62D47CF5BB63C9 /* Accessibility */,
				CFDCC1B3398D9A0ED37288EB /* App */,
				334A0FA34A4BBBD014F78595 /* Capture */,
				ADBBF3E4BFE085D6711EC413 /* Controls */,
				FD15052BEA8389C41CB1131E /* Debug */,
				6DCAC6C32467725312633731 /* Design */,
				080A05C22D08705640AC884C /* Haptics */,
				1913D223A5BD1A237F307A8E /* Media */,
				4788156CA631B3991683F99C /* Motion */,
				640B1830ED156CB4253F50B8 /* Overlays */,
				5BDDCD1CB9BE71931DBAF4DC /* Persistence */,
				5A566A910BA8FE8201118D61 /* Viewfinder */,
				417BE6A675B2ABCF7F151878 /* Assets.xcassets */,
				71CA972151D2E88825A46619 /* FramelineApp.swift */,
				DDFB2B23480B7626F622BB62 /* PrivacyInfo.xcprivacy */,
			);
			path = Frameline;
			sourceTree = "<group>";
		};
		3C3D907ACE62D47CF5BB63C9 /* Accessibility */ = {
			isa = PBXGroup;
			children = (
				C44BDC9B7C54249CEEAEF60D /* AccessibilityAnnouncer.swift */,
			);
			path = Accessibility;
			sourceTree = "<group>";
		};
		CFDCC1B3398D9A0ED37288EB /* App */ = {
			isa = PBXGroup;
			children = (
				28A4E1520886493C3FADE47A /* AppEnvironment.swift */,
				D152EA546408FA83128FFC1D /* SceneLifecycle.swift */,
			);
			path = App;
			sourceTree = "<group>";
		};
		334A0FA34A4BBBD014F78595 /* Capture */ = {
			isa = PBXGroup;
			children = (
				3A612131CC9EF26D820A6E26 /* CameraPreview.swift */,
				A69F55C73E3BBD0C53C6096C /* CameraService.swift */,
				6EF179B46226D546710D8506 /* PhotoCropper.swift */,
				010B6998877D7B31A035E5A9 /* PhotoLibrarySaver.swift */,
			);
			path = Capture;
			sourceTree = "<group>";
		};
		ADBBF3E4BFE085D6711EC413 /* Controls */ = {
			isa = PBXGroup;
			children = (
				1E7F0FDBD849AEF907CF57D1 /* AspectControl.swift */,
				2C55319D5AEED4932DB82203 /* ControlsPanel.swift */,
				6AD4CCB1F2F89633F7255E80 /* ExposureControl.swift */,
				AB9DFAB5786EE50FAF9FEB2C /* FlashControl.swift */,
				986EC8270B2D6F80CA12E824 /* LookControl.swift */,
				737F501FB09299D01CA1799D /* OptionStrip.swift */,
				EE24DEFFBFD0E0B9C0EED453 /* RulerSlider.swift */,
				03749EA210CB30D6AD3338A0 /* TimerControl.swift */,
				F89DDD848E1E4AA6021A07CF /* ZoomControl.swift */,
			);
			path = Controls;
			sourceTree = "<group>";
		};
		FD15052BEA8389C41CB1131E /* Debug */ = {
			isa = PBXGroup;
			children = (
				998A0FF803356918ECBC59DB /* DebugOverlay.swift */,
				47ACFDCACC48EB606F1C00E4 /* DebugSettings.swift */,
				AEB0FCFA403B200F3BB4122C /* FPSMonitor.swift */,
				0EFE2753A73E26A796B64531 /* MemoryProbe.swift */,
				8CEC095B3ECC6D82404A510C /* ReferenceOverlay.swift */,
			);
			path = Debug;
			sourceTree = "<group>";
		};
		6DCAC6C32467725312633731 /* Design */ = {
			isa = PBXGroup;
			children = (
				74B0DC0B0ABA08A992664CDA /* Metrics.swift */,
				22FBE05DD3445D627A87F1AD /* PressableStyle.swift */,
				198C791891FC652CBC4AD77B /* Theme.swift */,
			);
			path = Design;
			sourceTree = "<group>";
		};
		080A05C22D08705640AC884C /* Haptics */ = {
			isa = PBXGroup;
			children = (
				56D15010AF497A796951E1CB /* HapticManager.swift */,
			);
			path = Haptics;
			sourceTree = "<group>";
		};
		1913D223A5BD1A237F307A8E /* Media */ = {
			isa = PBXGroup;
			children = (
				8CE236787C8F73860EE2D75A /* FramedExporter.swift */,
				CC89C464DA6279AB86BE5434 /* ImagePipeline.swift */,
				AA200C4EA72481E81D1CAED8 /* ImportedMedia.swift */,
				5F2B4A2587EA62D79C77EA73 /* ImportStorage.swift */,
				FCE75747FC14FDEA763B2A09 /* Look.swift */,
				EA07234442F0D8DC4812FDC9 /* LookRenderer.swift */,
				454B88EDC79B3E284F5A2E60 /* MediaImporter.swift */,
				31BF48D245598F71809DFCD7 /* MediaStore.swift */,
				3BEE5BA65E9B275159B40609 /* UIImageBox.swift */,
				72020616D237CAADD845341A /* VideoController.swift */,
				C966BD8BF35D4331E82743DB /* VideoSurface.swift */,
				99D168606AECAC7CA9057837 /* VideoTransport.swift */,
				CDCD957BDE8C1C1AAC453E44 /* ZoomableImageView.swift */,
			);
			path = Media;
			sourceTree = "<group>";
		};
		4788156CA631B3991683F99C /* Motion */ = {
			isa = PBXGroup;
			children = (
				0EE02EFE59BD8C7542658039 /* LevelMonitor.swift */,
				39EE06A2C88B693A4D15993F /* Motion.swift */,
				383B5CF5B8A8B9C21043B243 /* OrientationMonitor.swift */,
				1242BD0CE0451D801E65BBAA /* SpringPhysics.swift */,
			);
			path = Motion;
			sourceTree = "<group>";
		};
		640B1830ED156CB4253F50B8 /* Overlays */ = {
			isa = PBXGroup;
			children = (
				7009522CF313FCD3DC8019A6 /* CountdownOverlay.swift */,
				68FA2C3E82EFA428433ACA20 /* FocusReticle.swift */,
				BD70C86B2092D048617D5F54 /* GridOverlay.swift */,
				BCE8344D054C6ECDCEA9D5C5 /* LevelOverlay.swift */,
				D9AD8091305B5242BE505E2E /* NoticeBanner.swift */,
			);
			path = Overlays;
			sourceTree = "<group>";
		};
		5BDDCD1CB9BE71931DBAF4DC /* Persistence */ = {
			isa = PBXGroup;
			children = (
				CB17C81D025F72FBFD20FD0F /* Preferences.swift */,
			);
			path = Persistence;
			sourceTree = "<group>";
		};
		5A566A910BA8FE8201118D61 /* Viewfinder */ = {
			isa = PBXGroup;
			children = (
				6C32CC7CEA365A61352F1D82 /* BottomDeck.swift */,
				1B5AF745F67A3413E84C393E /* CaptureMode.swift */,
				060A0D614B133E6C67930F6C /* ModeDial.swift */,
				1E25A32D757962D0A09914F9 /* ShutterButton.swift */,
				467B6FE9BC7469BFCA9F638B /* StageView.swift */,
				6308844C7EAABBFB9B200EDB /* TopBar.swift */,
				7AEFA92CBA182AC8312018E6 /* ViewfinderLayout.swift */,
				30E5AF1C533DB04EE0EA4F5A /* ViewfinderModel.swift */,
				F4C670CF60DC3E8391F2AD39 /* ViewfinderScreen.swift */,
			);
			path = Viewfinder;
			sourceTree = "<group>";
		};
		BD13AA3ACFF3D0C2ED6E4720 /* Config */ = {
			isa = PBXGroup;
			children = (
				D74A2393ABCC8B3060A87E15 /* Frameline.entitlements */,
				E3E2446FE3174E769C0799E1 /* Info.plist */,
			);
			path = Config;
			sourceTree = "<group>";
		};
/* End PBXGroup section */

/* Begin PBXNativeTarget section */
		42AEFBAE01D2DFD981F7DA7D /* Frameline */ = {
			isa = PBXNativeTarget;
			buildConfigurationList = 354589B28580510B6EC24620 /* Build configuration list for PBXNativeTarget "Frameline" */;
			buildPhases = (
				7A70D71C385290AF96BF1031 /* Sources */,
				424153ED3CD079DB4DB459AF /* Frameworks */,
				285BB1C1430063331E9F5DD0 /* Resources */,
			);
			buildRules = (
			);
			dependencies = (
			);
			name = Frameline;
			productName = Frameline;
			productReference = F5BF48AA40CAD7891EB709FC /* Frameline.app */;
			productType = "com.apple.product-type.application";
		};
/* End PBXNativeTarget section */

/* Begin PBXProject section */
		46F86FAA6BBF9AC94A7E4595 /* Project object */ = {
			isa = PBXProject;
			attributes = {
				BuildIndependentTargetsInParallel = 1;
				LastSwiftUpdateCheck = 1500;
				LastUpgradeCheck = 1500;
				TargetAttributes = {
					42AEFBAE01D2DFD981F7DA7D = {
						CreatedOnToolsVersion = 15.0;
					};
				};
			};
			buildConfigurationList = 1F4E3D13C2320EDA50221924 /* Build configuration list for PBXProject "Frameline" */;
			compatibilityVersion = "Xcode 14.0";
			developmentRegion = en;
			hasScannedForEncodings = 0;
			knownRegions = (
				en,
				Base,
			);
			mainGroup = 518DA81DB9B99529C0C0AEBE;
			productRefGroup = 2F3A6B1E78F896718625FF06 /* Products */;
			projectDirPath = "";
			projectRoot = "";
			targets = (
				42AEFBAE01D2DFD981F7DA7D /* Frameline */,
			);
		};
/* End PBXProject section */

/* Begin PBXResourcesBuildPhase section */
		285BB1C1430063331E9F5DD0 /* Resources */ = {
			isa = PBXResourcesBuildPhase;
			buildActionMask = 2147483647;
			files = (
				4245FE6B42697BF79DD36E74 /* Assets.xcassets in Resources */,
				6D19AEB6035921FDAD24EF58 /* PrivacyInfo.xcprivacy in Resources */,
			);
			runOnlyForDeploymentPostprocessing = 0;
		};
/* End PBXResourcesBuildPhase section */

/* Begin PBXSourcesBuildPhase section */
		7A70D71C385290AF96BF1031 /* Sources */ = {
			isa = PBXSourcesBuildPhase;
			buildActionMask = 2147483647;
			files = (
				B90D791329DF05F0863606EB /* AccessibilityAnnouncer.swift in Sources */,
				A64E1E3502A004C8DA40AEB1 /* AppEnvironment.swift in Sources */,
				70D268F6E4E9C2E5FF6739F9 /* SceneLifecycle.swift in Sources */,
				066979CDA8A8144E8D216520 /* CameraPreview.swift in Sources */,
				C85DA3883548734E18CB31D2 /* CameraService.swift in Sources */,
				CABC7E4C57257AD514ABE542 /* PhotoCropper.swift in Sources */,
				4B446D9508D7B33BAF785197 /* PhotoLibrarySaver.swift in Sources */,
				D10196527375183ED693FF3A /* AspectControl.swift in Sources */,
				DB22A5909EFF5061F4B77DED /* ControlsPanel.swift in Sources */,
				59877B4198CEE3B0D5DDD6E3 /* ExposureControl.swift in Sources */,
				8AF39DFC49403EB2051F8578 /* FlashControl.swift in Sources */,
				DD2358D6F5EED4908BCB29AD /* LookControl.swift in Sources */,
				740E7DB29F22C915A10E3B23 /* OptionStrip.swift in Sources */,
				3899607791F13516D39C558E /* RulerSlider.swift in Sources */,
				F4240806BAD59EEED90D7000 /* TimerControl.swift in Sources */,
				E0CBC6110C2383DA8593F638 /* ZoomControl.swift in Sources */,
				3C1E8B9C5EEC689A74B0438B /* DebugOverlay.swift in Sources */,
				1C5B10C962592F9FF9A0C601 /* DebugSettings.swift in Sources */,
				227253AC316C4DC380BDD90E /* FPSMonitor.swift in Sources */,
				28608C25C577547212345EA5 /* MemoryProbe.swift in Sources */,
				AA0E7E8E0B796E1E0A793A1A /* ReferenceOverlay.swift in Sources */,
				48C5FAC21C740EDA80942E4C /* Metrics.swift in Sources */,
				AC88E22DB42F17A0D60BD16B /* PressableStyle.swift in Sources */,
				D438B5B0C149723EE58BCAA8 /* Theme.swift in Sources */,
				15A651A03B2C557E65A890C6 /* HapticManager.swift in Sources */,
				5890D29DB745EE8AE8BF3834 /* FramedExporter.swift in Sources */,
				BA7596A5140943B295F55F51 /* ImagePipeline.swift in Sources */,
				2DDAF6D32EEC95B45CD5E419 /* ImportedMedia.swift in Sources */,
				DA5F4AEF0BBF8C601C09E940 /* ImportStorage.swift in Sources */,
				B825C89AB3D79C4F293C34E2 /* Look.swift in Sources */,
				3E94BB2AD5CB38E4089B03B1 /* LookRenderer.swift in Sources */,
				F63AAFD3EDD4A4BBE8DDC42C /* MediaImporter.swift in Sources */,
				08C645F627E863FB1C1B3BD3 /* MediaStore.swift in Sources */,
				07184A40B8B3E0EAA4A925B8 /* UIImageBox.swift in Sources */,
				950587E4BAAAFC3BFF2224B4 /* VideoController.swift in Sources */,
				AA4AB33DB9643AF91ECC1134 /* VideoSurface.swift in Sources */,
				48B8B819881FD25824701A9D /* VideoTransport.swift in Sources */,
				AABC8F1D24FE648EE215809B /* ZoomableImageView.swift in Sources */,
				2B3C4F024E16D3AECE3924BB /* LevelMonitor.swift in Sources */,
				6540114883A7DF2F22FFB2B8 /* Motion.swift in Sources */,
				F81A6DCD22CBA78E5BFAD32C /* OrientationMonitor.swift in Sources */,
				0CDE52785A60942A3B90F18E /* SpringPhysics.swift in Sources */,
				6D44488F6FF35461E1A3235A /* CountdownOverlay.swift in Sources */,
				ADAC7D57F6FAE859F8E71844 /* FocusReticle.swift in Sources */,
				D0ACD8B183B672D0BDAC07EB /* GridOverlay.swift in Sources */,
				57E584873579767D0278D918 /* LevelOverlay.swift in Sources */,
				57A413C30A56772F957F0BB5 /* NoticeBanner.swift in Sources */,
				27B1C0C95D228E20EC901084 /* Preferences.swift in Sources */,
				EA506EF25CF62EAF2B89F8D9 /* BottomDeck.swift in Sources */,
				10675B11EE9ED1E2D6112ED2 /* CaptureMode.swift in Sources */,
				C0E79C8082C7B36FBEAFE212 /* ModeDial.swift in Sources */,
				D721BAFE0512FC4B3B9C69B7 /* ShutterButton.swift in Sources */,
				AC79A19F2787B1A73A1D2CC7 /* StageView.swift in Sources */,
				D74F6C555F3EEA4387D919B5 /* TopBar.swift in Sources */,
				C2FF92C14D856C00777562B7 /* ViewfinderLayout.swift in Sources */,
				9F12A8FF7B841523E22314B2 /* ViewfinderModel.swift in Sources */,
				ED42002CDE88B049981D1FF6 /* ViewfinderScreen.swift in Sources */,
				A0DF7CE691FF7512E19BC120 /* FramelineApp.swift in Sources */,
			);
			runOnlyForDeploymentPostprocessing = 0;
		};
/* End PBXSourcesBuildPhase section */

/* Begin XCBuildConfiguration section */
		4A43692AD8BCEEB8B727C85B /* Debug */ = {
			isa = XCBuildConfiguration;
			buildSettings = {
				ALWAYS_SEARCH_USER_PATHS = NO;
				CLANG_ANALYZER_NONNULL = YES;
				CLANG_CXX_LANGUAGE_STANDARD = "gnu++20";
				CLANG_ENABLE_MODULES = YES;
				CLANG_ENABLE_OBJC_ARC = YES;
				CLANG_ENABLE_OBJC_WEAK = YES;
				CLANG_WARN_BOOL_CONVERSION = YES;
				CLANG_WARN_CONSTANT_CONVERSION = YES;
				CLANG_WARN_EMPTY_BODY = YES;
				CLANG_WARN_ENUM_CONVERSION = YES;
				CLANG_WARN_INFINITE_RECURSION = YES;
				CLANG_WARN_INT_CONVERSION = YES;
				CLANG_WARN_UNREACHABLE_CODE = YES;
				COPY_PHASE_STRIP = NO;
				DEBUG_INFORMATION_FORMAT = dwarf;
				ENABLE_STRICT_OBJC_MSGSEND = YES;
				ENABLE_TESTABILITY = YES;
				ENABLE_USER_SCRIPT_SANDBOXING = YES;
				GCC_C_LANGUAGE_STANDARD = gnu17;
				GCC_DYNAMIC_NO_PIC = NO;
				GCC_NO_COMMON_BLOCKS = YES;
				GCC_OPTIMIZATION_LEVEL = 0;
				GCC_PREPROCESSOR_DEFINITIONS = (
					"DEBUG=1",
					"$(inherited)",
				);
				GCC_WARN_64_TO_32_BIT_CONVERSION = YES;
				GCC_WARN_ABOUT_RETURN_TYPE = YES_ERROR;
				GCC_WARN_UNINITIALIZED_AUTOS = YES_AGGRESSIVE;
				GCC_WARN_UNUSED_FUNCTION = YES;
				GCC_WARN_UNUSED_VARIABLE = YES;
				IPHONEOS_DEPLOYMENT_TARGET = 17.0;
				LOCALIZATION_PREFERS_STRING_CATALOGS = YES;
				MTL_ENABLE_DEBUG_INFO = INCLUDE_SOURCE;
				MTL_FAST_MATH = YES;
				ONLY_ACTIVE_ARCH = YES;
				SDKROOT = iphoneos;
				SWIFT_ACTIVE_COMPILATION_CONDITIONS = "DEBUG $(inherited)";
				SWIFT_OPTIMIZATION_LEVEL = "-Onone";
			};
			name = Debug;
		};
		C28449456A5A705A7479770B /* Release */ = {
			isa = XCBuildConfiguration;
			buildSettings = {
				ALWAYS_SEARCH_USER_PATHS = NO;
				CLANG_ANALYZER_NONNULL = YES;
				CLANG_CXX_LANGUAGE_STANDARD = "gnu++20";
				CLANG_ENABLE_MODULES = YES;
				CLANG_ENABLE_OBJC_ARC = YES;
				CLANG_ENABLE_OBJC_WEAK = YES;
				CLANG_WARN_BOOL_CONVERSION = YES;
				CLANG_WARN_CONSTANT_CONVERSION = YES;
				CLANG_WARN_EMPTY_BODY = YES;
				CLANG_WARN_ENUM_CONVERSION = YES;
				CLANG_WARN_INFINITE_RECURSION = YES;
				CLANG_WARN_INT_CONVERSION = YES;
				CLANG_WARN_UNREACHABLE_CODE = YES;
				COPY_PHASE_STRIP = NO;
				DEBUG_INFORMATION_FORMAT = "dwarf-with-dsym";
				ENABLE_NS_ASSERTIONS = NO;
				ENABLE_STRICT_OBJC_MSGSEND = YES;
				ENABLE_USER_SCRIPT_SANDBOXING = YES;
				GCC_C_LANGUAGE_STANDARD = gnu17;
				GCC_NO_COMMON_BLOCKS = YES;
				GCC_WARN_64_TO_32_BIT_CONVERSION = YES;
				GCC_WARN_ABOUT_RETURN_TYPE = YES_ERROR;
				GCC_WARN_UNINITIALIZED_AUTOS = YES_AGGRESSIVE;
				GCC_WARN_UNUSED_FUNCTION = YES;
				GCC_WARN_UNUSED_VARIABLE = YES;
				IPHONEOS_DEPLOYMENT_TARGET = 17.0;
				LOCALIZATION_PREFERS_STRING_CATALOGS = YES;
				MTL_ENABLE_DEBUG_INFO = NO;
				MTL_FAST_MATH = YES;
				SDKROOT = iphoneos;
				SWIFT_COMPILATION_MODE = wholemodule;
				SWIFT_OPTIMIZATION_LEVEL = "-O";
				VALIDATE_PRODUCT = YES;
			};
			name = Release;
		};
		4D8F6610AF6606489ED8DFBC /* Debug */ = {
			isa = XCBuildConfiguration;
			buildSettings = {
				ASSETCATALOG_COMPILER_APPICON_NAME = AppIcon;
				ASSETCATALOG_COMPILER_GLOBAL_ACCENT_COLOR_NAME = AccentColor;
				CODE_SIGN_ENTITLEMENTS = Config/Frameline.entitlements;
				CODE_SIGN_STYLE = Automatic;
				CURRENT_PROJECT_VERSION = 1;
				DEVELOPMENT_TEAM = "";
				ENABLE_PREVIEWS = YES;
				GENERATE_INFOPLIST_FILE = NO;
				INFOPLIST_FILE = Config/Info.plist;
				LD_RUNPATH_SEARCH_PATHS = (
					"$(inherited)",
					"@executable_path/Frameworks",
				);
				MARKETING_VERSION = 1.0;
				PRODUCT_BUNDLE_IDENTIFIER = com.example.frameline;
				PRODUCT_NAME = "$(TARGET_NAME)";
				SUPPORTED_PLATFORMS = "iphoneos iphonesimulator";
				SUPPORTS_MACCATALYST = NO;
				SUPPORTS_MAC_DESIGNED_FOR_IPHONE_IPAD = NO;
				SWIFT_EMIT_LOC_STRINGS = YES;
				SWIFT_VERSION = 5.0;
				TARGETED_DEVICE_FAMILY = 1;
			};
			name = Debug;
		};
		3DDF142C91E4BE3A6BA5A69E /* Release */ = {
			isa = XCBuildConfiguration;
			buildSettings = {
				ASSETCATALOG_COMPILER_APPICON_NAME = AppIcon;
				ASSETCATALOG_COMPILER_GLOBAL_ACCENT_COLOR_NAME = AccentColor;
				CODE_SIGN_ENTITLEMENTS = Config/Frameline.entitlements;
				CODE_SIGN_STYLE = Automatic;
				CURRENT_PROJECT_VERSION = 1;
				DEVELOPMENT_TEAM = "";
				ENABLE_PREVIEWS = YES;
				GENERATE_INFOPLIST_FILE = NO;
				INFOPLIST_FILE = Config/Info.plist;
				LD_RUNPATH_SEARCH_PATHS = (
					"$(inherited)",
					"@executable_path/Frameworks",
				);
				MARKETING_VERSION = 1.0;
				PRODUCT_BUNDLE_IDENTIFIER = com.example.frameline;
				PRODUCT_NAME = "$(TARGET_NAME)";
				SUPPORTED_PLATFORMS = "iphoneos iphonesimulator";
				SUPPORTS_MACCATALYST = NO;
				SUPPORTS_MAC_DESIGNED_FOR_IPHONE_IPAD = NO;
				SWIFT_EMIT_LOC_STRINGS = YES;
				SWIFT_VERSION = 5.0;
				TARGETED_DEVICE_FAMILY = 1;
			};
			name = Release;
		};
/* End XCBuildConfiguration section */

/* Begin XCConfigurationList section */
		1F4E3D13C2320EDA50221924 /* Build configuration list for PBXProject "Frameline" */ = {
			isa = XCConfigurationList;
			buildConfigurations = (
				4A43692AD8BCEEB8B727C85B /* Debug */,
				C28449456A5A705A7479770B /* Release */,
			);
			defaultConfigurationIsVisible = 0;
			defaultConfigurationName = Release;
		};
		354589B28580510B6EC24620 /* Build configuration list for PBXNativeTarget "Frameline" */ = {
			isa = XCConfigurationList;
			buildConfigurations = (
				4D8F6610AF6606489ED8DFBC /* Debug */,
				3DDF142C91E4BE3A6BA5A69E /* Release */,
			);
			defaultConfigurationIsVisible = 0;
			defaultConfigurationName = Release;
		};
/* End XCConfigurationList section */
	};
	rootObject = 46F86FAA6BBF9AC94A7E4595 /* Project object */;
}
